{
    "name": "ngx-notion-cms",
    "version": "0.0.0-beta",
    "lockfileVersion": 3,
    "requires": true,
    "packages": {
        "": {
            "name": "ngx-notion-cms",
            "version": "0.0.0-beta",
            "dependencies": {
                "tslib": "^2.3.0"
            },
            "peerDependencies": {
                "@angular/common": "^18.2.0",
                "@angular/core": "^18.2.0",
                "ngx-highlightjs": "^12.0.0"
            }
        },
        "node_modules/@angular/common": {
            "version": "18.2.6",
            "resolved": "https://registry.npmjs.org/@angular/common/-/common-18.2.6.tgz",
            "integrity": "sha512-89793ow+wrI1c7C6kyMbnweLNIZHzXthosxAEjipRZGBrqBYjvTtkE45Fl+5yBa3JO7bAhyGkUnEoyvWtZIAEA==",
            "license": "MIT",
            "peer": true,
            "dependencies": {
                "tslib": "^2.3.0"
            },
            "engines": {
                "node": "^18.19.1 || ^20.11.1 || >=22.0.0"
            },
            "peerDependencies": {
                "@angular/core": "18.2.6",
                "rxjs": "^6.5.3 || ^7.4.0"
            }
        },
        "node_modules/@angular/core": {
            "version": "18.2.6",
            "resolved": "https://registry.npmjs.org/@angular/core/-/core-18.2.6.tgz",
            "integrity": "sha512-PjFad2j4YBwLVTw+0Te8CJCa/tV0W8caTHG8aOjj3ObdL6ihGI+FKnwerLc9RVzDFd14BOO4C6/+LbOQAh3Ltw==",
            "license": "MIT",
            "peer": true,
            "dependencies": {
                "tslib": "^2.3.0"
            },
            "engines": {
                "node": "^18.19.1 || ^20.11.1 || >=22.0.0"
            },
            "peerDependencies": {
                "rxjs": "^6.5.3 || ^7.4.0",
                "zone.js": "~0.14.10"
            }
        },
        "node_modules/highlight.js": {
            "version": "11.10.0",
            "resolved": "https://registry.npmjs.org/highlight.js/-/highlight.js-11.10.0.tgz",
            "integrity": "sha512-SYVnVFswQER+zu1laSya563s+F8VDGt7o35d4utbamowvUNLLMovFqwCLSocpZTz3MgaSRA1IbqRWZv97dtErQ==",
            "license": "BSD-3-Clause",
            "peer": true,
            "engines": {
                "node": ">=12.0.0"
            }
        },
        "node_modules/ngx-highlightjs": {
            "version": "12.0.0",
            "resolved": "https://registry.npmjs.org/ngx-highlightjs/-/ngx-highlightjs-12.0.0.tgz",
            "integrity": "sha512-1lSUv3hNpriHewwe8zz8eMX6q/Tcq1ZCsJ1GitBsr86y39e+q4U/s8LKE7rvK6SVAbQlUuopdbbKWR0zjihjLg==",
            "license": "MIT",
            "peer": true,
            "dependencies": {
                "highlight.js": "^11.9.0",
                "tslib": "^2.3.0"
            },
            "peerDependencies": {
                "@angular/common": ">=17.0.0",
                "@angular/core": ">=17.0.0"
            }
        },
        "node_modules/rxjs": {
            "version": "7.8.1",
            "resolved": "https://registry.npmjs.org/rxjs/-/rxjs-7.8.1.tgz",
            "integrity": "sha512-AA3TVj+0A2iuIoQkWEK/tqFjBq2j+6PO6Y0zJcvzLAFhEFIO3HL0vls9hWLncZbAAbK0mar7oZ4V079I/qPMxg==",
            "license": "Apache-2.0",
            "peer": true,
            "dependencies": {
                "tslib": "^2.1.0"
            }
        },
        "node_modules/tslib": {
            "version": "2.7.0",
            "resolved": "https://registry.npmjs.org/tslib/-/tslib-2.7.0.tgz",
            "integrity": "sha512-gLXCKdN1/j47AiHiOkJN69hJmcbGTHI0ImLmbYLHykhgeN0jVGola9yVjFgzCUklsZQMW55o+dW7IXv3RCXDzA==",
            "license": "0BSD"
        },
        "node_modules/zone.js": {
            "version": "0.14.10",
            "resolved": "https://registry.npmjs.org/zone.js/-/zone.js-0.14.10.tgz",
            "integrity": "sha512-YGAhaO7J5ywOXW6InXNlLmfU194F8lVgu7bRntUF3TiG8Y3nBK0x1UJJuHUP/e8IyihkjCYqhCScpSwnlaSRkQ==",
            "license": "MIT",
            "peer": true
        }
    }
}
